
Microsoft Visual Studio Solution File, Format Version 12.00
# Visual Studio Version 17
VisualStudioVersion = 17.3.32825.248
MinimumVisualStudioVersion = 10.0.40219.1
Project("{FAE04EC0-301F-11D3-BF4B-00C04F79EFBC}") = "WpfApp1", "WpfApp1\WpfApp1.csproj", "{1F2AE7E6-E187-4286-AEF1-D84D3C6553CB}"
EndProject
Project("{9A19103F-16F7-4668-BE54-9A1E7A4F7556}") = "TestProject1", "TestProject1\TestProject1.csproj", "{6C8663F0-6F3B-4BDA-AED0-8625C16A0282}"
EndProject
Global
	GlobalSection(SolutionConfigurationPlatforms) = preSolution
		Debug|Any CPU = Debug|Any CPU
		Release|Any CPU = Release|Any CPU
	EndGlobalSection
	GlobalSection(ProjectConfigurationPlatforms) = postSolution
		{1F2AE7E6-E187-4286-AEF1-D84D3C6553CB}.Debug|Any CPU.ActiveCfg = Debug|Any CPU
		{1F2AE7E6-E187-4286-AEF1-D84D3C6553CB}.Debug|Any CPU.Build.0 = Debug|Any CPU
		{1F2AE7E6-E187-4286-AEF1-D84D3C6553CB}.Release|Any CPU.ActiveCfg = Release|Any CPU
		{1F2AE7E6-E187-4286-AEF1-D84D3C6553CB}.Release|Any CPU.Build.0 = Release|Any CPU
		{6C8663F0-6F3B-4BDA-AED0-8625C16A0282}.Debug|Any CPU.ActiveCfg = Debug|Any CPU
		{6C8663F0-6F3B-4BDA-AED0-8625C16A0282}.Debug|Any CPU.Build.0 = Debug|Any CPU
		{6C8663F0-6F3B-4BDA-AED0-8625C16A0282}.Release|Any CPU.ActiveCfg = Release|Any CPU
		{6C8663F0-6F3B-4BDA-AED0-8625C16A0282}.Release|Any CPU.Build.0 = Release|Any CPU
	EndGlobalSection
	GlobalSection(SolutionProperties) = preSolution
		HideSolutionNode = FALSE
	EndGlobalSection
	GlobalSection(ExtensibilityGlobals) = postSolution
		SolutionGuid = {CA8CA127-0B19-4F4F-9143-F8FC2D800280}
	EndGlobalSection
EndGlobal
